// !$*UTF8*$!
{
	archiveVersion = 1;
	classes = {
	};
	objectVersion = 46;
	objects = {

/* Begin PBXBuildFile section */
		1414C96B1D12ACB8006BC886 /* AppDelegate.swift in Sources */ = {isa = PBXBuildFile; fileRef = 1414C96A1D12ACB8006BC886 /* AppDelegate.swift */; };
		1414C96D1D12ACB8006BC886 /* ViewController.swift in Sources */ = {isa = PBXBuildFile; fileRef = 1414C96C1D12ACB8006BC886 /* ViewController.swift */; };
		1414C9701D12ACB8006BC886 /* Main.storyboard in Resources */ = {isa = PBXBuildFile; fileRef = 1414C96E1D12ACB8006BC886 /* Main.storyboard */; };
		1414C9721D12ACB8006BC886 /* Assets.xcassets in Resources */ = {isa = PBXBuildFile; fileRef = 1414C9711D12ACB8006BC886 /* Assets.xcassets */; };
		1414C9751D12ACB8006BC886 /* LaunchScreen.storyboard in Resources */ = {isa = PBXBuildFile; fileRef = 1414C9731D12ACB8006BC886 /* LaunchScreen.storyboard */; };
/* End PBXBuildFile section */

/* Begin PBXFileReference section */
		1414C9671D12ACB8006BC886 /* Zingmp3.app */ = {isa = PBXFileReference; explicitFileType = wrapper.application; includeInIndex = 0; path = Zingmp3.app; sourceTree = BUILT_PRODUCTS_DIR; };
		1414C96A1D12ACB8006BC886 /* AppDelegate.swift */ = {isa = PBXFileReference; lastKnownFileType = sourcecode.swift; path = AppDelegate.swift; sourceTree = "<group>"; };
		1414C96C1D12ACB8006BC886 /* ViewController.swift */ = {isa = PBXFileReference; lastKnownFileType = sourcecode.swift; path = ViewController.swift; sourceTree = "<group>"; };
		1414C96F1D12ACB8006BC886 /* Base */ = {isa = PBXFileReference; lastKnownFileType = file.storyboard; name = Base; path = Base.lproj/Main.storyboard; sourceTree = "<group>"; };
		1414C9711D12ACB8006BC886 /* Assets.xcassets */ = {isa = PBXFileReference; lastKnownFileType = folder.assetcatalog; path = Assets.xcassets; sourceTree = "<group>"; };
		1414C9741D12ACB8006BC886 /* Base */ = {isa = PBXFileReference; lastKnownFileType = file.storyboard; name = Base; path = Base.lproj/LaunchScreen.storyboard; sourceTree = "<group>"; };
		1414C9761D12ACB8006BC886 /* Info.plist */ = {isa = PBXFileReference; lastKnownFileType = text.plist.xml; path = Info.plist; sourceTree = "<group>"; };
/* End PBXFileReference section */

/* Begin PBXFrameworksBuildPhase section */
		1414C9641D12ACB8006BC886 /* Frameworks */ = {
			isa = PBXFrameworksBuildPhase;
			buildActionMask = 2147483647;
			files = (
			);
			runOnlyForDeploymentPostprocessing = 0;
		};
/* End PBXFrameworksBuildPhase section */

/* Begin PBXGroup section */
		1414C95E1D12ACB8006BC886 = {
			isa = PBXGroup;
			children = (
				1414C9691D12ACB8006BC886 /* Zingmp3 */,
				1414C9681D12ACB8006BC886 /* Products */,
			);
			sourceTree = "<group>";
		};
		1414C9681D12ACB8006BC886 /* Products */ = {
			isa = PBXGroup;
			children = (
				1414C9671D12ACB8006BC886 /* Zingmp3.app */,
			);
			name = Products;
			sourceTree = "<group>";
		};
		1414C9691D12ACB8006BC886 /* Zingmp3 */ = {
			isa = PBXGroup;
			children = (
				1414C96A1D12ACB8006BC886 /* AppDelegate.swift */,
				1414C96C1D12ACB8006BC886 /* ViewController.swift */,
				1414C96E1D12ACB8006BC886 /* Main.storyboard */,
				1414C9711D12ACB8006BC886 /* Assets.xcassets */,
				1414C9731D12ACB8006BC886 /* LaunchScreen.storyboard */,
				1414C9761D12ACB8006BC886 /* Info.plist */,
			);
			path = Zingmp3;
			sourceTree = "<group>";
		};
/* End PBXGroup section */

/* Begin PBXNativeTarget section */
		1414C9661D12ACB8006BC886 /* Zingmp3 */ = {
			isa = PBXNativeTarget;
			buildConfigurationList = 1414C9791D12ACB8006BC886 /* Build configuration list for PBXNativeTarget "Zingmp3" */;
			buildPhases = (
				1414C9631D12ACB8006BC886 /* Sources */,
				1414C9641D12ACB8006BC886 /* Frameworks */,
				1414C9651D12ACB8006BC886 /* Resources */,
			);
			buildRules = (
			);
			dependencies = (
			);
			name = Zingmp3;
			productName = Zingmp3;
			productReference = 1414C9671D12ACB8006BC886 /* Zingmp3.app */;
			productType = "com.apple.product-type.application";
		};
/* End PBXNativeTarget section */

/* Begin PBXProject section */
		1414C95F1D12ACB8006BC886 /* Project object */ = {
			isa = PBXProject;
			attributes = {
				LastSwiftUpdateCheck = 0730;
				LastUpgradeCheck = 0730;
				ORGANIZATIONNAME = MyStudio;
				TargetAttributes = {
					1414C9661D12ACB8006BC886 = {
						CreatedOnToolsVersion = 7.3.1;
					};
				};
			};
			buildConfigurationList = 1414C9621D12ACB8006BC886 /* Build configuration list for PBXProject "Zingmp3" */;
			compatibilityVersion = "Xcode 3.2";
			developmentRegion = English;
			hasScannedForEncodings = 0;
			knownRegions = (
				en,
				Base,
			);
			mainGroup = 1414C95E1D12ACB8006BC886;
			productRefGroup = 1414C9681D12ACB8006BC886 /* Products */;
			projectDirPath = "";
			projectRoot = "";
			targets = (
				1414C9661D12ACB8006BC886 /* Zingmp3 */,
			);
		};
/* End PBXProject section */

/* Begin PBXResourcesBuildPhase section */
		1414C9651D12ACB8006BC886 /* Resources */ = {
			isa = PBXResourcesBuildPhase;
			buildActionMask = 2147483647;
			files = (
				1414C9751D12ACB8006BC886 /* LaunchScreen.storyboard in Resources */,
				1414C9721D12ACB8006BC886 /* Assets.xcassets in Resources */,
				1414C9701D12ACB8006BC886 /* Main.storyboard in Resources */,
			);
			runOnlyForDeploymentPostprocessing = 0;
		};
/* End PBXResourcesBuildPhase section */

/* Begin PBXSourcesBuildPhase section */
		1414C9631D12ACB8006BC886 /* Sources */ = {
			isa = PBXSourcesBuildPhase;
			buildActionMask = 2147483647;
			files = (
				1414C96D1D12ACB8006BC886 /* ViewController.swift in Sources */,
				1414C96B1D12ACB8006BC886 /* AppDelegate.swift in Sources */,
			);
			runOnlyForDeploymentPostprocessing = 0;
		};
/* End PBXSourcesBuildPhase section */

/* Begin PBXVariantGroup section */
		1414C96E1D12ACB8006BC886 /* Main.storyboard */ = {
			isa = PBXVariantGroup;
			children = (
				1414C96F1D12ACB8006BC886 /* Base */,
			);
			name = Main.storyboard;
			sourceTree = "<group>";
		};
		1414C9731D12ACB8006BC886 /* LaunchScreen.storyboard */ = {
			isa = PBXVariantGroup;
			children = (
				1414C9741D12ACB8006BC886 /* Base */,
			);
			name = LaunchScreen.storyboard;
			sourceTree = "<group>";
		};
/* End PBXVariantGroup section */

/* Begin XCBuildConfiguration section */
		1414C9771D12ACB8006BC886 /* Debug */ = {
			isa = XCBuildConfiguration;
			buildSettings = {
				ALWAYS_SEARCH_USER_PATHS = NO;
				CLANG_ANALYZER_NONNULL = YES;
				CLANG_CXX_LANGUAGE_STANDARD = "gnu++0x";
				CLANG_CXX_LIBRARY = "libc++";
				CLANG_ENABLE_MODULES = YES;
				CLANG_ENABLE_OBJC_ARC = YES;
				CLANG_WARN_BOOL_CONVERSION = YES;
				CLANG_WARN_CONSTANT_CONVERSION = YES;
				CLANG_WARN_DIRECT_OBJC_ISA_USAGE = YES_ERROR;
				CLANG_WARN_EMPTY_BODY = YES;
				CLANG_WARN_ENUM_CONVERSION = YES;
				CLANG_WARN_INT_CONVERSION = YES;
				CLANG_WARN_OBJC_ROOT_CLASS = YES_ERROR;
				CLANG_WARN_UNREACHABLE_CODE = YES;
				CLANG_WARN__DUPLICATE_METHOD_MATCH = YES;
				"CODE_SIGN_IDENTITY[sdk=iphoneos*]" = "iPhone Developer";
				COPY_PHASE_STRIP = NO;
				DEBUG_INFORMATION_FORMAT = dwarf;
				ENABLE_STRICT_OBJC_MSGSEND = YES;
				ENABLE_TESTABILITY = YES;
				GCC_C_LANGUAGE_STANDARD = gnu99;
				GCC_DYNAMIC_NO_PIC = NO;
				GCC_NO_COMMON_BLOCKS = YES;
				GCC_OPTIMIZATION_LEVEL = 0;
				GCC_PREPROCESSOR_DEFINITIONS = (
					"DEBUG=1",
					"$(inherited)",
				);
				GCC_WARN_64_TO_32_BIT_CONVERSION = YES;
				GCC_WARN_ABOUT_RETURN_TYPE = YES_ERROR;
				GCC_WARN_UNDECLARED_SELECTOR = YES;
				GCC_WARN_UNINITIALIZED_AUTOS = YES_AGGRESSIVE;
				GCC_WARN_UNUSED_FUNCTION = YES;
				GCC_WARN_UNUSED_VARIABLE = YES;
				IPHONEOS_DEPLOYMENT_TARGET = 9.3;
				MTL_ENABLE_DEBUG_INFO = YES;
				ONLY_ACTIVE_ARCH = YES;
				SDKROOT = iphoneos;
				SWIFT_OPTIMIZATION_LEVEL = "-Onone";
				TARGETED_DEVICE_FAMILY = "1,2";
			};
			name = Debug;
		};
		1414C9781D12ACB8006BC886 /* Release */ = {
			isa = XCBuildConfiguration;
			buildSettings = {
				ALWAYS_SEARCH_USER_PATHS = NO;
				CLANG_ANALYZER_NONNULL = YES;
				CLANG_CXX_LANGUAGE_STANDARD = "gnu++0x";
				CLANG_CXX_LIBRARY = "libc++";
				CLANG_ENABLE_MODULES = YES;
				CLANG_ENABLE_OBJC_ARC = YES;
				CLANG_WARN_BOOL_CONVERSION = YES;
				CLANG_WARN_CONSTANT_CONVERSION = YES;
				CLANG_WARN_DIRECT_OBJC_ISA_USAGE = YES_ERROR;
				CLANG_WARN_EMPTY_BODY = YES;
				CLANG_WARN_ENUM_CONVERSION = YES;
				CLANG_WARN_INT_CONVERSION = YES;
				CLANG_WARN_OBJC_ROOT_CLASS = YES_ERROR;
				CLANG_WARN_UNREACHABLE_CODE = YES;
				CLANG_WARN__DUPLICATE_METHOD_MATCH = YES;
				"CODE_SIGN_IDENTITY[sdk=iphoneos*]" = "iPhone Developer";
				COPY_PHASE_STRIP = NO;
				DEBUG_INFORMATION_FORMAT = "dwarf-with-dsym";
				ENABLE_NS_ASSERTIONS = NO;
				ENABLE_STRICT_OBJC_MSGSEND = YES;
				GCC_C_LANGUAGE_STANDARD = gnu99;
				GCC_NO_COMMON_BLOCKS = YES;
				GCC_WARN_64_TO_32_BIT_CONVERSION = YES;
				GCC_WARN_ABOUT_RETURN_TYPE = YES_ERROR;
				GCC_WARN_UNDECLARED_SELECTOR = YES;
				GCC_WARN_UNINITIALIZED_AUTOS = YES_AGGRESSIVE;
				GCC_WARN_UNUSED_FUNCTION = YES;
				GCC_WARN_UNUSED_VARIABLE = YES;
				IPHONEOS_DEPLOYMENT_TARGET = 9.3;
				MTL_ENABLE_DEBUG_INFO = NO;
				SDKROOT = iphoneos;
				TARGETED_DEVICE_FAMILY = "1,2";
				VALIDATE_PRODUCT = YES;
			};
			name = Release;
		};
		1414C97A1D12ACB8006BC886 /* Debug */ = {
			isa = XCBuildConfiguration;
			buildSettings = {
				ASSETCATALOG_COMPILER_APPICON_NAME = AppIcon;
				INFOPLIST_FILE = Zingmp3/Info.plist;
				LD_RUNPATH_SEARCH_PATHS = "$(inherited) @executable_path/Frameworks";
				PRODUCT_BUNDLE_IDENTIFIER = com.MyStudio.Zingmp3;
				PRODUCT_NAME = "$(TARGET_NAME)";
			};
			name = Debug;
		};
		1414C97B1D12ACB8006BC886 /* Release */ = {
			isa = XCBuildConfiguration;
			buildSettings = {
				ASSETCATALOG_COMPILER_APPICON_NAME = AppIcon;
				INFOPLIST_FILE = Zingmp3/Info.plist;
				LD_RUNPATH_SEARCH_PATHS = "$(inherited) @executable_path/Frameworks";
				PRODUCT_BUNDLE_IDENTIFIER = com.MyStudio.Zingmp3;
				PRODUCT_NAME = "$(TARGET_NAME)";
			};
			name = Release;
		};
/* End XCBuildConfiguration section */

/* Begin XCConfigurationList section */
		1414C9621D12ACB8006BC886 /* Build configuration list for PBXProject "Zingmp3" */ = {
			isa = XCConfigurationList;
			buildConfigurations = (
				1414C9771D12ACB8006BC886 /* Debug */,
				1414C9781D12ACB8006BC886 /* Release */,
			);
			defaultConfigurationIsVisible = 0;
			defaultConfigurationName = Release;
		};
		1414C9791D12ACB8006BC886 /* Build configuration list for PBXNativeTarget "Zingmp3" */ = {
			isa = XCConfigurationList;
			buildConfigurations = (
				1414C97A1D12ACB8006BC886 /* Debug */,
				1414C97B1D12ACB8006BC886 /* Release */,
			);
			defaultConfigurationIsVisible = 0;
		};
/* End XCConfigurationList section */
	};
	rootObject = 1414C95F1D12ACB8006BC886 /* Project object */;
}
